
Microsoft Visual Studio Solution File, Format Version 12.00
# Visual Studio Version 16
VisualStudioVersion = 16.0.30413.136
MinimumVisualStudioVersion = 10.0.40219.1
Project("{FAE04EC0-301F-11D3-BF4B-00C04F79EFBC}") = "GroGroup", "GroGroup\GroGroup.csproj", "{91B45F71-43E8-4654-8E3B-CD40D1A16222}"
EndProject
Global
	GlobalSection(SolutionConfigurationPlatforms) = preSolution
		Debug|Any CPU = Debug|Any CPU
		Release|Any CPU = Release|Any CPU
	EndGlobalSection
	GlobalSection(ProjectConfigurationPlatforms) = postSolution
		{91B45F71-43E8-4654-8E3B-CD40D1A16222}.Debug|Any CPU.ActiveCfg = Debug|Any CPU
		{91B45F71-43E8-4654-8E3B-CD40D1A16222}.Debug|Any CPU.Build.0 = Debug|Any CPU
		{91B45F71-43E8-4654-8E3B-CD40D1A16222}.Release|Any CPU.ActiveCfg = Release|Any CPU
		{91B45F71-43E8-4654-8E3B-CD40D1A16222}.Release|Any CPU.Build.0 = Release|Any CPU
	EndGlobalSection
	GlobalSection(SolutionProperties) = preSolution
		HideSolutionNode = FALSE
	EndGlobalSection
	GlobalSection(ExtensibilityGlobals) = postSolution
		SolutionGuid = {C987DFF4-2FCC-4025-AE8A-BF87423A8BFF}
	EndGlobalSection
EndGlobal
